
Microsoft Visual Studio Solution File, Format Version 12.00
# Visual Studio 2013
Project("{FAE04EC0-301F-11D3-BF4B-00C04F79EFBC}") = "ARPG1.0.CSharp", "ARPG1.0.CSharp.csproj", "{5254534F-4AA1-0545-C1A3-5833E7B8506A}"
EndProject
Project("{FAE04EC0-301F-11D3-BF4B-00C04F79EFBC}") = "ARPG1.0.CSharp.Editor", "ARPG1.0.CSharp.Editor.csproj", "{D5C82C81-79C5-6A35-F4A7-EB283E4B66C9}"
EndProject
Global
	GlobalSection(SolutionConfigurationPlatforms) = preSolution
		Debug|Any CPU = Debug|Any CPU
		Release|Any CPU = Release|Any CPU
	EndGlobalSection
	GlobalSection(ProjectConfigurationPlatforms) = postSolution
		{5254534F-4AA1-0545-C1A3-5833E7B8506A}.Debug|Any CPU.ActiveCfg = Debug|Any CPU
		{5254534F-4AA1-0545-C1A3-5833E7B8506A}.Debug|Any CPU.Build.0 = Debug|Any CPU
		{5254534F-4AA1-0545-C1A3-5833E7B8506A}.Release|Any CPU.ActiveCfg = Release|Any CPU
		{5254534F-4AA1-0545-C1A3-5833E7B8506A}.Release|Any CPU.Build.0 = Release|Any CPU
		{D5C82C81-79C5-6A35-F4A7-EB283E4B66C9}.Debug|Any CPU.ActiveCfg = Debug|Any CPU
		{D5C82C81-79C5-6A35-F4A7-EB283E4B66C9}.Debug|Any CPU.Build.0 = Debug|Any CPU
		{D5C82C81-79C5-6A35-F4A7-EB283E4B66C9}.Release|Any CPU.ActiveCfg = Release|Any CPU
		{D5C82C81-79C5-6A35-F4A7-EB283E4B66C9}.Release|Any CPU.Build.0 = Release|Any CPU
	EndGlobalSection
	GlobalSection(SolutionProperties) = preSolution
		HideSolutionNode = FALSE
	EndGlobalSection
EndGlobal
